Microsoft Visual Studio Solution File, Format Version 12.00
# Visual Studio Version 17
VisualStudioVersion = 17.5.2.0
MinimumVisualStudioVersion = 10.0.40219.1
Project("{FAE04EC0-301F-11D3-BF4B-00C04F79EFBC}") = "SimuladorSO", "SimuladorSO\SimuladorSO.csproj", "{17F9A387-EF87-5A2B-A6F4-C5188220815B}"
EndProject
Global
	GlobalSection(SolutionConfigurationPlatforms) = preSolution
		Debug|Any CPU = Debug|Any CPU
		Release|Any CPU = Release|Any CPU
	EndGlobalSection
	GlobalSection(ProjectConfigurationPlatforms) = postSolution
		{17F9A387-EF87-5A2B-A6F4-C5188220815B}.Debug|Any CPU.ActiveCfg = Debug|Any CPU
		{17F9A387-EF87-5A2B-A6F4-C5188220815B}.Debug|Any CPU.Build.0 = Debug|Any CPU
		{17F9A387-EF87-5A2B-A6F4-C5188220815B}.Release|Any CPU.ActiveCfg = Release|Any CPU
		{17F9A387-EF87-5A2B-A6F4-C5188220815B}.Release|Any CPU.Build.0 = Release|Any CPU
	EndGlobalSection
	GlobalSection(SolutionProperties) = preSolution
		HideSolutionNode = FALSE
	EndGlobalSection
	GlobalSection(ExtensibilityGlobals) = postSolution
		SolutionGuid = {1502CEBB-E077-4732-8B6D-CCE8125417E4}
	EndGlobalSection
EndGlobal
